
Microsoft Visual Studio Solution File, Format Version 12.00
# Visual Studio Version 17
VisualStudioVersion = 17.6.33829.357
MinimumVisualStudioVersion = 10.0.40219.1
Project("{FAE04EC0-301F-11D3-BF4B-00C04F79EFBC}") = "conv", "conv\conv.csproj", "{1568CED6-0C84-4883-88C8-6A65960FA642}"
EndProject
Global
	GlobalSection(SolutionConfigurationPlatforms) = preSolution
		Debug|Any CPU = Debug|Any CPU
		Release|Any CPU = Release|Any CPU
	EndGlobalSection
	GlobalSection(ProjectConfigurationPlatforms) = postSolution
		{1568CED6-0C84-4883-88C8-6A65960FA642}.Debug|Any CPU.ActiveCfg = Debug|Any CPU
		{1568CED6-0C84-4883-88C8-6A65960FA642}.Debug|Any CPU.Build.0 = Debug|Any CPU
		{1568CED6-0C84-4883-88C8-6A65960FA642}.Release|Any CPU.ActiveCfg = Release|Any CPU
		{1568CED6-0C84-4883-88C8-6A65960FA642}.Release|Any CPU.Build.0 = Release|Any CPU
	EndGlobalSection
	GlobalSection(SolutionProperties) = preSolution
		HideSolutionNode = FALSE
	EndGlobalSection
	GlobalSection(ExtensibilityGlobals) = postSolution
		SolutionGuid = {19911263-9856-4767-9609-307B99AFDD9D}
	EndGlobalSection
EndGlobal
